github.com/Chi-Go/chi v1.5.6 h1:2zySgyusna9tp5cuJcYl2/6ubD7U4bqlSlmV0tehjJ4=
github.com/Chi-Go/chi v1.5.6/go.mod h1:/+Kzls+5I7V3KAxi1pDEaIrN5P5xSNhzgRaHKpKYjpk=
github.com/Chi-Go/docgen v1.3.1 h1:1VHlSqpI/T18XcjpeHL7CR42cCvcZgZPxVjWyynzBQc=
github.com/Chi-Go/docgen v1.3.1/go.mod h1:epVOxj/9fpmvYP+C/gXiqiv/sqHErOKzXDj3Ejf/JE4=
github.com/Chi-Go/render v1.0.5 h1:xPYwm1IedIqtd/ATNVOnBaRjNugTog9qAEy+miItL+o=
github.com/Chi-Go/render v1.0.5/go.mod h1:RmWzMr26CFOJezvDqhGHDRdm/C/FA6F7D52U2/jTmsE=
github.com/ajg/form v1.5.1 h1:t9c7v8JUKu/XxOGBU0yjNpaMloxGEJhUkqFRq0ibGeU=
github.com/ajg/form v1.5.1/go.mod h1:uL1WgH+h2mgNtvBq0339dVnzXdBETtL2LeUXaIv25UY=
